
Microsoft Visual Studio Solution File, Format Version 12.00
# Visual Studio Version 16
VisualStudioVersion = 16.0.29306.81
MinimumVisualStudioVersion = 10.0.40219.1
Project("{FAE04EC0-301F-11D3-BF4B-00C04F79EFBC}") = "P2PMessengerServer", "P2PMessengerServer\P2PMessengerServer.csproj", "{93B548E6-19FB-4463-A71D-6F7021D619BB}"
EndProject
Global
	GlobalSection(SolutionConfigurationPlatforms) = preSolution
		Debug|Any CPU = Debug|Any CPU
		Release|Any CPU = Release|Any CPU
	EndGlobalSection
	GlobalSection(ProjectConfigurationPlatforms) = postSolution
		{93B548E6-19FB-4463-A71D-6F7021D619BB}.Debug|Any CPU.ActiveCfg = Debug|Any CPU
		{93B548E6-19FB-4463-A71D-6F7021D619BB}.Debug|Any CPU.Build.0 = Debug|Any CPU
		{93B548E6-19FB-4463-A71D-6F7021D619BB}.Release|Any CPU.ActiveCfg = Release|Any CPU
		{93B548E6-19FB-4463-A71D-6F7021D619BB}.Release|Any CPU.Build.0 = Release|Any CPU
	EndGlobalSection
	GlobalSection(SolutionProperties) = preSolution
		HideSolutionNode = FALSE
	EndGlobalSection
	GlobalSection(ExtensibilityGlobals) = postSolution
		SolutionGuid = {736D4197-958B-4420-A93C-959C7E78A1B1}
	EndGlobalSection
EndGlobal
